# This file is automatically @generated by Cargo.
# It is not intended for manual editing.
version = 3

[[package]]
name = "kiln"
version = "0.1.0"

[[package]]
name = "kiln-cache"
version = "0.1.0"

[[package]]
name = "kiln-cli"
version = "0.1.0"

[[package]]
name = "kiln-core"
version = "0.1.0"

[[package]]
name = "kiln-exec"
version = "0.1.0"

[[package]]
name = "kiln-service"
version = "0.1.0"
